
Microsoft Visual Studio Solution File, Format Version 12.00
Project("{2150E333-8FDC-42A3-9474-1A3956D46DE8}") = "PiBox.Api", "PiBox.Api", "{F5322119-275D-41FA-9333-684035D62201}"
EndProject
Project("{2150E333-8FDC-42A3-9474-1A3956D46DE8}") = "PiBox.Extensions", "PiBox.Extensions", "{BFB04E81-1645-4FAE-8277-62FD0E607CC4}"
EndProject
Project("{2150E333-8FDC-42A3-9474-1A3956D46DE8}") = "PiBox.Hosting", "PiBox.Hosting", "{5BBB19DA-2C9B-4081-A95C-3F773C95DC8E}"
EndProject
Project("{2150E333-8FDC-42A3-9474-1A3956D46DE8}") = "PiBox.Plugins", "PiBox.Plugins", "{2AD49548-EBE3-41FC-A432-16CF5AE8BA68}"
EndProject
Project("{2150E333-8FDC-42A3-9474-1A3956D46DE8}") = "PiBox.Testing", "PiBox.Testing", "{503B49A3-55B1-4A16-BCAD-1A851627B841}"
EndProject
Project("{2150E333-8FDC-42A3-9474-1A3956D46DE8}") = "OpenApi", "OpenApi", "{FAD7D106-A45A-433F-9240-61A88D19DE7E}"
EndProject
Project("{2150E333-8FDC-42A3-9474-1A3956D46DE8}") = "src", "src", "{A2465B20-4CE7-41A5-AF98-F37263A10758}"
EndProject
Project("{2150E333-8FDC-42A3-9474-1A3956D46DE8}") = "test", "test", "{CC2A1DB1-5526-474C-A67B-CB6A2C973146}"
EndProject
Project("{2150E333-8FDC-42A3-9474-1A3956D46DE8}") = "Abstractions", "Abstractions", "{C7BE598D-1356-446D-8069-96B9F800E865}"
EndProject
Project("{2150E333-8FDC-42A3-9474-1A3956D46DE8}") = "src", "src", "{C7D236F9-4508-4C76-9C29-ED220034AF1B}"
EndProject
Project("{2150E333-8FDC-42A3-9474-1A3956D46DE8}") = "Abstractions", "Abstractions", "{FE09F68D-585A-48E6-AC78-F8E02384CF73}"
EndProject
Project("{2150E333-8FDC-42A3-9474-1A3956D46DE8}") = "WebHost", "WebHost", "{E4A51E7F-61E7-490A-8641-4C18254E03CC}"
EndProject
Project("{2150E333-8FDC-42A3-9474-1A3956D46DE8}") = "src", "src", "{EE5C98D2-D78C-4F7C-A344-674EC1FB368A}"
EndProject
Project("{2150E333-8FDC-42A3-9474-1A3956D46DE8}") = "src", "src", "{0EBC7241-DF15-4D82-AF32-B931A3611AEA}"
EndProject
Project("{2150E333-8FDC-42A3-9474-1A3956D46DE8}") = "test", "test", "{BF10DF1B-284D-4EF8-A94B-1999F7CFD436}"
EndProject
Project("{2150E333-8FDC-42A3-9474-1A3956D46DE8}") = "Authorization", "Authorization", "{A74358D7-9394-47C1-9B62-5D0945BF6C87}"
EndProject
Project("{2150E333-8FDC-42A3-9474-1A3956D46DE8}") = "Handlers", "Handlers", "{FD769567-D2BF-440C-B97C-56FE5654337B}"
EndProject
Project("{2150E333-8FDC-42A3-9474-1A3956D46DE8}") = "Jobs", "Jobs", "{65B2CE99-FE55-4CBE-BF4E-A0859228922F}"
EndProject
Project("{2150E333-8FDC-42A3-9474-1A3956D46DE8}") = "Persistence", "Persistence", "{ACF1B1CE-9017-454E-A657-1816AD283E95}"
EndProject
Project("{2150E333-8FDC-42A3-9474-1A3956D46DE8}") = "NUnit", "NUnit", "{D9818F98-2E32-457F-8D0C-E09AEAE3D39D}"
EndProject
Project("{2150E333-8FDC-42A3-9474-1A3956D46DE8}") = "src", "src", "{16066802-05C3-4BCE-BB4B-B3E0B7DA1BDA}"
EndProject
Project("{2150E333-8FDC-42A3-9474-1A3956D46DE8}") = "Abstractions", "Abstractions", "{2B428E1B-DE3C-4696-9F8A-C66736AFB77F}"
EndProject
Project("{2150E333-8FDC-42A3-9474-1A3956D46DE8}") = "Keycloak", "Keycloak", "{2865C002-8C6A-4FF5-8CEC-AC84BA0B5C39}"
	ProjectSection(SolutionItems) = preProject
		PiBox.Plugins\Authorization\Keycloak\README.md = PiBox.Plugins\Authorization\Keycloak\README.md
	EndProjectSection
EndProject
Project("{2150E333-8FDC-42A3-9474-1A3956D46DE8}") = "src", "src", "{AAF0AF8E-EE8E-4BFC-A891-A92CE517E74B}"
EndProject
Project("{2150E333-8FDC-42A3-9474-1A3956D46DE8}") = "src", "src", "{A57696CB-356F-4B88-AABB-B97E4598BEEC}"
EndProject
Project("{2150E333-8FDC-42A3-9474-1A3956D46DE8}") = "test", "test", "{36E546E3-E4FC-4BD6-B54A-335CBF35A07B}"
EndProject
Project("{2150E333-8FDC-42A3-9474-1A3956D46DE8}") = "Abstractions", "Abstractions", "{268F2E0A-330B-4659-99BF-7BD466C54C9D}"
EndProject
Project("{2150E333-8FDC-42A3-9474-1A3956D46DE8}") = "Cqrs", "Cqrs", "{5B487E37-E68A-4229-B612-3975B44B886F}"
EndProject
Project("{2150E333-8FDC-42A3-9474-1A3956D46DE8}") = "src", "src", "{E855201D-B370-40DD-B16A-96DA4E42BE7E}"
EndProject
Project("{2150E333-8FDC-42A3-9474-1A3956D46DE8}") = "test", "test", "{5C57DA5E-C51B-42D5-95D2-3821A6038853}"
EndProject
Project("{2150E333-8FDC-42A3-9474-1A3956D46DE8}") = "Hangfire", "Hangfire", "{6EB00AF2-D0AB-4500-9C3E-D0D246A6F9B4}"
EndProject
Project("{2150E333-8FDC-42A3-9474-1A3956D46DE8}") = "src", "src", "{32528CC5-FEAA-4EE5-8843-087E094FEBE8}"
EndProject
Project("{2150E333-8FDC-42A3-9474-1A3956D46DE8}") = "test", "test", "{400BC11B-E51B-4831-B8D6-3C4823EE8222}"
EndProject
Project("{2150E333-8FDC-42A3-9474-1A3956D46DE8}") = "Abstractions", "Abstractions", "{3AC92DA1-F8E3-42C5-B9FB-9D7A5EA615A8}"
EndProject
Project("{2150E333-8FDC-42A3-9474-1A3956D46DE8}") = "EntityFramework", "EntityFramework", "{6C6B4E42-7984-4F71-927B-5AB3545B5E6F}"
	ProjectSection(SolutionItems) = preProject
		PiBox.Plugins\Persistence\EntityFramework\README.md = PiBox.Plugins\Persistence\EntityFramework\README.md
	EndProjectSection
EndProject
Project("{2150E333-8FDC-42A3-9474-1A3956D46DE8}") = "src", "src", "{37F4D8CC-3CD2-4287-844D-A8BF8ECB9EAC}"
EndProject
Project("{2150E333-8FDC-42A3-9474-1A3956D46DE8}") = "src", "src", "{047D7FEC-AAAB-4309-B66D-748F3060FC82}"
EndProject
Project("{2150E333-8FDC-42A3-9474-1A3956D46DE8}") = "test", "test", "{5D137766-A715-48FB-9BA2-63BE30510931}"
EndProject
Project("{FAE04EC0-301F-11D3-BF4B-00C04F79EFBC}") = "PiBox.Hosting.WebHost", "PiBox.Hosting\WebHost\src\PiBox.Hosting.WebHost\PiBox.Hosting.WebHost.csproj", "{92F5E1E5-0269-4378-BE3B-CDDC1864C0FA}"
EndProject
Project("{2150E333-8FDC-42A3-9474-1A3956D46DE8}") = "Cqrs", "Cqrs", "{4EEA1A0C-B06E-4610-B071-1CD1ECF75F61}"
EndProject
Project("{2150E333-8FDC-42A3-9474-1A3956D46DE8}") = "src", "src", "{ED848B62-C2E6-4022-A14D-D67245129FDE}"
EndProject
Project("{FAE04EC0-301F-11D3-BF4B-00C04F79EFBC}") = "PiBox.Plugins.Handlers.Abstractions.Cqrs", "PiBox.Plugins\Handlers\Abstractions\Cqrs\src\PiBox.Plugins.Handlers.Abstractions.Cqrs\PiBox.Plugins.Handlers.Abstractions.Cqrs.csproj", "{78101EB6-6029-4EEB-ABBC-8F928F65DB17}"
EndProject
Project("{FAE04EC0-301F-11D3-BF4B-00C04F79EFBC}") = "PiBox.Plugins.Handlers.Cqrs.Tests", "PiBox.Plugins\Handlers\Cqrs\test\PiBox.Plugins.Handlers.Cqrs.Tests\PiBox.Plugins.Handlers.Cqrs.Tests.csproj", "{2CB60B42-707A-422C-B8D3-A95BE8B21EEC}"
EndProject
Project("{FAE04EC0-301F-11D3-BF4B-00C04F79EFBC}") = "PiBox.Hosting.Abstractions", "PiBox.Hosting\Abstractions\src\PiBox.Hosting.Abstractions\PiBox.Hosting.Abstractions.csproj", "{2B36B29B-F27E-403B-AD71-52C028461764}"
EndProject
Project("{FAE04EC0-301F-11D3-BF4B-00C04F79EFBC}") = "PiBox.Hosting.WebHost.Tests", "PiBox.Hosting\WebHost\test\PiBox.Hosting.WebHost.Tests\PiBox.Hosting.WebHost.Tests.csproj", "{8C1B3150-7D79-4549-B3B7-E6B1D6C47B56}"
EndProject
Project("{FAE04EC0-301F-11D3-BF4B-00C04F79EFBC}") = "PiBox.Testing", "PiBox.Testing\NUnit\src\PiBox.Testing\PiBox.Testing.csproj", "{45DC5C16-E75E-4D8E-98CF-80C58D011449}"
EndProject
Project("{FAE04EC0-301F-11D3-BF4B-00C04F79EFBC}") = "PiBox.Api.OpenApi", "PiBox.Api\OpenApi\src\PiBox.Api.OpenApi\PiBox.Api.OpenApi.csproj", "{52D5E60A-4BDD-4087-8329-56CB15234B52}"
EndProject
Project("{FAE04EC0-301F-11D3-BF4B-00C04F79EFBC}") = "PiBox.Plugins.Persistence.Abstractions", "PiBox.Plugins\Persistence\Abstractions\src\PiBox.Plugins.Persistence.Abstractions\PiBox.Plugins.Persistence.Abstractions.csproj", "{C74BCB76-2923-4F3A-A4A1-6F6B143C16AA}"
EndProject
Project("{2150E333-8FDC-42A3-9474-1A3956D46DE8}") = "InMemory", "InMemory", "{DDA07DC6-1DA3-4865-88A2-8FBBD8600132}"
EndProject
Project("{2150E333-8FDC-42A3-9474-1A3956D46DE8}") = "src", "src", "{DF66CFCD-913C-400C-8D14-8D8E9F21F269}"
EndProject
Project("{2150E333-8FDC-42A3-9474-1A3956D46DE8}") = "test", "test", "{5D7137D5-7B83-487C-9211-FD30F3A978ED}"
EndProject
Project("{FAE04EC0-301F-11D3-BF4B-00C04F79EFBC}") = "PiBox.Plugins.Persistence.InMemory", "PiBox.Plugins\Persistence\InMemory\src\PiBox.Plugins.Persistence.InMemory\PiBox.Plugins.Persistence.InMemory.csproj", "{EABEBBD2-093D-4C2D-9721-F235B03BEBB8}"
EndProject
Project("{FAE04EC0-301F-11D3-BF4B-00C04F79EFBC}") = "PiBox.Plugins.Persistence.InMemory.Tests", "PiBox.Plugins\Persistence\InMemory\tests\PiBox.Plugins.Persistence.InMemory.Tests\PiBox.Plugins.Persistence.InMemory.Tests.csproj", "{7691C928-6042-4234-8DC6-01A59CD519CB}"
EndProject
Project("{2150E333-8FDC-42A3-9474-1A3956D46DE8}") = "test", "test", "{EA3B855F-4C91-476C-BEC0-B7DEADD42FFA}"
EndProject
Project("{FAE04EC0-301F-11D3-BF4B-00C04F79EFBC}") = "PiBox.Hosting.Abstractions.Tests", "PiBox.Hosting\Abstractions\test\PiBox.Hosting.Abstractions.Tests\PiBox.Hosting.Abstractions.Tests.csproj", "{EF809632-6776-4C43-BBDC-33E1721448A6}"
EndProject
Project("{FAE04EC0-301F-11D3-BF4B-00C04F79EFBC}") = "PiBox.Plugins.Authorization.Abstractions", "PiBox.Plugins\Authorization\Abstractions\src\PiBox.Plugins.Authorization.Abstractions\PiBox.Plugins.Authorization.Abstractions.csproj", "{B8BCBF02-3288-48A3-BA07-8CC84A63DFCC}"
EndProject
Project("{FAE04EC0-301F-11D3-BF4B-00C04F79EFBC}") = "PiBox.Plugins.Authorization.Keycloak", "PiBox.Plugins\Authorization\Keycloak\src\PiBox.Plugins.Authorization.Keycloak\PiBox.Plugins.Authorization.Keycloak.csproj", "{19C2CD7F-56A8-48E0-BC01-2906105A5828}"
EndProject
Project("{FAE04EC0-301F-11D3-BF4B-00C04F79EFBC}") = "PiBox.Plugins.Authorization.Keycloak.Tests", "PiBox.Plugins\Authorization\Keycloak\test\PiBox.Plugins.Authorization.Keycloak.Tests\PiBox.Plugins.Authorization.Keycloak.Tests.csproj", "{58DAB4E8-6C42-40B1-8552-4D61BF809AA8}"
EndProject
Project("{FAE04EC0-301F-11D3-BF4B-00C04F79EFBC}") = "PiBox.Api.OpenApi.Tests", "PiBox.Api\OpenApi\test\PiBox.Api.OpenApi.Tests\PiBox.Api.OpenApi.Tests.csproj", "{2291D50B-C153-4FDD-AABC-D6F448349DC0}"
EndProject
Project("{FAE04EC0-301F-11D3-BF4B-00C04F79EFBC}") = "PiBox.Plugins.Persistence.EntityFramework", "PiBox.Plugins\Persistence\EntityFramework\src\PiBox.Plugins.Persistence.EntityFramework\PiBox.Plugins.Persistence.EntityFramework.csproj", "{6C85D50F-CD22-46D8-A106-D8DA28383A15}"
EndProject
Project("{FAE04EC0-301F-11D3-BF4B-00C04F79EFBC}") = "PiBox.Plugins.Persistence.EntityFramework.Tests", "PiBox.Plugins\Persistence\EntityFramework\test\PiBox.Plugins.Persistence.EntityFramework.Tests\PiBox.Plugins.Persistence.EntityFramework.Tests.csproj", "{A2D2E490-A564-4A74-81DD-B8505D0664A8}"
EndProject
Project("{FAE04EC0-301F-11D3-BF4B-00C04F79EFBC}") = "PiBox.Extensions.Abstractions", "PiBox.Extensions\Abstractions\src\PiBox.Extensions.Abstractions\PiBox.Extensions.Abstractions.csproj", "{B8AA6C65-84B6-47E4-8E73-E2CB4DE58BE0}"
EndProject
Project("{2150E333-8FDC-42A3-9474-1A3956D46DE8}") = "test", "test", "{448EAC4F-A043-4A8C-A283-8CCF0D796C29}"
EndProject
Project("{FAE04EC0-301F-11D3-BF4B-00C04F79EFBC}") = "PiBox.Plugins.Persistence.Abstractions.Tests", "PiBox.Plugins\Persistence\Abstractions\test\PiBox.Plugins.Persistence.Abstractions.Tests\PiBox.Plugins.Persistence.Abstractions.Tests.csproj", "{A0B8BD56-5676-4D81-9A2C-76364F406797}"
EndProject
Project("{FAE04EC0-301F-11D3-BF4B-00C04F79EFBC}") = "PiBox.Plugins.Jobs.Hangfire", "PiBox.Plugins\Jobs\Hangfire\src\PiBox.Plugins.Jobs.Hangfire\PiBox.Plugins.Jobs.Hangfire.csproj", "{38F305B8-D085-4932-8050-479DFB9E2B50}"
EndProject
Project("{FAE04EC0-301F-11D3-BF4B-00C04F79EFBC}") = "PiBox.Plugins.Jobs.Hangfire.Tests", "PiBox.Plugins\Jobs\Hangfire\test\PiBox.Plugins.Jobs.Hangfire.Tests\PiBox.Plugins.Jobs.Hangfire.Tests.csproj", "{D173C0DF-346F-4DA9-88BD-79CDD8D98212}"
EndProject
Project("{2150E333-8FDC-42A3-9474-1A3956D46DE8}") = "test", "test", "{DE0910D4-2AD1-4DB7-81AF-B3A7FB762B2F}"
EndProject
Project("{FAE04EC0-301F-11D3-BF4B-00C04F79EFBC}") = "PiBox.Extensions.Abstractions.Tests", "PiBox.Extensions\Abstractions\test\PiBox.Extensions.Abstractions.Tests\PiBox.Extensions.Abstractions.Tests.csproj", "{C3609799-4FA7-4EDA-A365-8CBA2D0DCDA6}"
EndProject
Project("{2150E333-8FDC-42A3-9474-1A3956D46DE8}") = "RestEase", "RestEase", "{9CA94D28-3D7C-4C33-ABA0-EBA5A4A230CD}"
EndProject
Project("{2150E333-8FDC-42A3-9474-1A3956D46DE8}") = "src", "src", "{B10743E9-054B-4E81-9F67-2F3652C68F04}"
EndProject
Project("{2150E333-8FDC-42A3-9474-1A3956D46DE8}") = "test", "test", "{E09D3A69-1ED0-4FA8-B822-1757E3912D04}"
EndProject
Project("{FAE04EC0-301F-11D3-BF4B-00C04F79EFBC}") = "PiBox.Extensions.RestEase", "PiBox.Extensions\RestEase\src\PiBox.Extensions.RestEase\PiBox.Extensions.RestEase.csproj", "{8BF6955E-F988-4205-AEA9-B75032302958}"
EndProject
Project("{FAE04EC0-301F-11D3-BF4B-00C04F79EFBC}") = "PiBox.Extensions.RestEase.Tests", "PiBox.Extensions\RestEase\test\PiBox.Extensions.RestEase.Tests\PiBox.Extensions.RestEase.Tests.csproj", "{239343C7-A25D-4818-97DC-F444CE754315}"
EndProject
Project("{2150E333-8FDC-42A3-9474-1A3956D46DE8}") = "S3", "S3", "{26574747-79EC-4E84-A849-46264FD5A04C}"
EndProject
Project("{2150E333-8FDC-42A3-9474-1A3956D46DE8}") = "src", "src", "{02350D99-D0B6-4C01-AE18-8D9C195070CF}"
EndProject
Project("{2150E333-8FDC-42A3-9474-1A3956D46DE8}") = "test", "test", "{3AACF4CE-8024-4645-BC6C-F22ADD8A2EA7}"
EndProject
Project("{FAE04EC0-301F-11D3-BF4B-00C04F79EFBC}") = "PiBox.Plugins.Persistence.S3", "PiBox.Plugins\Persistence\S3\src\PiBox.Plugins.Persistence.S3\PiBox.Plugins.Persistence.S3.csproj", "{22A7181F-A913-4441-B9C5-438F75926B8E}"
EndProject
Project("{FAE04EC0-301F-11D3-BF4B-00C04F79EFBC}") = "PiBox.Plugins.Persistence.S3.Tests", "PiBox.Plugins\Persistence\S3\test\PiBox.Plugins.Persistence.S3.Tests\PiBox.Plugins.Persistence.S3.Tests.csproj", "{C80669A1-6EA8-436E-A39D-0EAA51C73532}"
EndProject
Project("{2150E333-8FDC-42A3-9474-1A3956D46DE8}") = "Generator", "Generator", "{5AC7C0BE-6A85-48C7-9F10-13387552A108}"
EndProject
Project("{2150E333-8FDC-42A3-9474-1A3956D46DE8}") = "src", "src", "{131AABE0-6518-43F3-A233-619909725FC2}"
EndProject
Project("{FAE04EC0-301F-11D3-BF4B-00C04F79EFBC}") = "PiBox.Hosting.Generator", "PiBox.Hosting\Generator\src\PiBox.Hosting.Generator\PiBox.Hosting.Generator.csproj", "{1922F1FE-EE55-4025-B6C1-DAD1D433CAB5}"
EndProject
Project("{2150E333-8FDC-42A3-9474-1A3956D46DE8}") = "repository", "repository", "{3F883F3B-A2EA-4957-B1E7-0A86A575A346}"
	ProjectSection(SolutionItems) = preProject
		version.json = version.json
		README.md = README.md
		NuGet.Config = NuGet.Config
		global.json = global.json
		Directory.Packages.props = Directory.Packages.props
		Directory.Build.props = Directory.Build.props
		.gitignore = .gitignore
		.editorconfig = .editorconfig
		.gitattributes = .gitattributes
		packages.sh = packages.sh
		CODE_OF_CONDUCT.md = CODE_OF_CONDUCT.md
		SUMMARY.md = SUMMARY.md
		LICENSE.txt = LICENSE.txt
	EndProjectSection
EndProject
Project("{2150E333-8FDC-42A3-9474-1A3956D46DE8}") = "example", "example", "{87571A7A-0B36-4D9E-AA5C-D91A470BBD06}"
EndProject
Project("{2150E333-8FDC-42A3-9474-1A3956D46DE8}") = "src", "src", "{4742A7D3-ED98-49D1-9DB2-4257219BC031}"
EndProject
Project("{FAE04EC0-301F-11D3-BF4B-00C04F79EFBC}") = "PiBox.Example.Service", "example\src\PiBox.Example.Service\PiBox.Example.Service.csproj", "{45476081-AAFA-43C3-BCE1-E602F7DFDE7C}"
EndProject
Project("{FAE04EC0-301F-11D3-BF4B-00C04F79EFBC}") = "PiBox.Plugins.Handlers.Cqrs", "PiBox.Plugins\Handlers\Cqrs\src\PiBox.Plugins.Handlers.Cqrs\PiBox.Plugins.Handlers.Cqrs.csproj", "{B04912B4-792E-4141-B4A4-C30320619B75}"
EndProject
Project("{2150E333-8FDC-42A3-9474-1A3956D46DE8}") = "Management", "Management", "{A49232F0-7D3D-4AA9-B0F1-A261925B7C1A}"
EndProject
Project("{2150E333-8FDC-42A3-9474-1A3956D46DE8}") = "Unleash", "Unleash", "{0A61A585-CFDD-43C6-8E93-EB9D79B902EF}"
EndProject
Project("{2150E333-8FDC-42A3-9474-1A3956D46DE8}") = "src", "src", "{DC7B72D9-0D50-48C8-89FB-705F96859475}"
EndProject
Project("{FAE04EC0-301F-11D3-BF4B-00C04F79EFBC}") = "PiBox.Plugins.Management.Unleash", "PiBox.Plugins\Management\Unleash\src\PiBox.Plugins.Management.Unleash\PiBox.Plugins.Management.Unleash.csproj", "{5BE0A574-FFB7-41F0-84C8-0DFF13B3EBBC}"
EndProject
Project("{2150E333-8FDC-42A3-9474-1A3956D46DE8}") = "test", "test", "{B720A919-B3BF-44F4-908D-147750F4A2BE}"
EndProject
Project("{FAE04EC0-301F-11D3-BF4B-00C04F79EFBC}") = "PiBox.Plugins.Management.Unleash.Tests", "PiBox.Plugins\Management\Unleash\test\PiBox.Plugins.Management.Unleash.Tests\PiBox.Plugins.Management.Unleash.Tests.csproj", "{6607713E-8465-43BB-A6FE-9FBBCB1FD61C}"
EndProject
Project("{2150E333-8FDC-42A3-9474-1A3956D46DE8}") = ".github", ".github", "{1EF474DB-42A7-4271-B1A2-EFDD286216F4}"
	ProjectSection(SolutionItems) = preProject
		.github\dependabot.yml = .github\dependabot.yml
	EndProjectSection
EndProject
Project("{2150E333-8FDC-42A3-9474-1A3956D46DE8}") = "workflows", "workflows", "{5636585A-D19D-4463-A838-2D8FBF4BCDC6}"
	ProjectSection(SolutionItems) = preProject
		.github\workflows\dotnet-main.yml = .github\workflows\dotnet-main.yml
		.github\workflows\dotnet-pr.yml = .github\workflows\dotnet-pr.yml
	EndProjectSection
EndProject
Project("{2150E333-8FDC-42A3-9474-1A3956D46DE8}") = "Smb", "Smb", "{8FBF8F87-502E-4B78-A952-C6505795E9B9}"
EndProject
Project("{2150E333-8FDC-42A3-9474-1A3956D46DE8}") = "src", "src", "{3B7EA2DC-CAD7-4C0A-82E8-7D7376174C40}"
EndProject
Project("{2150E333-8FDC-42A3-9474-1A3956D46DE8}") = "test", "test", "{4795B8EA-3CB8-463A-BE1B-8E0F088798F9}"
EndProject
Project("{FAE04EC0-301F-11D3-BF4B-00C04F79EFBC}") = "PiBox.Plugins.Persistence.Smb", "PiBox.Plugins\Persistence\Smb\src\PiBox.Plugins.Persistence.Smb\PiBox.Plugins.Persistence.Smb.csproj", "{88424E57-CCF0-4DAD-8B77-208755A7179F}"
EndProject
Project("{FAE04EC0-301F-11D3-BF4B-00C04F79EFBC}") = "PiBox.Plugins.Persistence.Smb.Tests", "PiBox.Plugins\Persistence\Smb\test\PiBox.Plugins.Persistence.Smb.Tests\PiBox.Plugins.Persistence.Smb.Tests.csproj", "{9B16AD66-776B-4B4C-AA51-60F3CBE4F0E5}"
EndProject
Global
	GlobalSection(SolutionConfigurationPlatforms) = preSolution
		Debug|Any CPU = Debug|Any CPU
		Release|Any CPU = Release|Any CPU
	EndGlobalSection
	GlobalSection(NestedProjects) = preSolution
		{FAD7D106-A45A-433F-9240-61A88D19DE7E} = {F5322119-275D-41FA-9333-684035D62201}
		{A2465B20-4CE7-41A5-AF98-F37263A10758} = {FAD7D106-A45A-433F-9240-61A88D19DE7E}
		{CC2A1DB1-5526-474C-A67B-CB6A2C973146} = {FAD7D106-A45A-433F-9240-61A88D19DE7E}
		{C7BE598D-1356-446D-8069-96B9F800E865} = {BFB04E81-1645-4FAE-8277-62FD0E607CC4}
		{C7D236F9-4508-4C76-9C29-ED220034AF1B} = {C7BE598D-1356-446D-8069-96B9F800E865}
		{FE09F68D-585A-48E6-AC78-F8E02384CF73} = {5BBB19DA-2C9B-4081-A95C-3F773C95DC8E}
		{E4A51E7F-61E7-490A-8641-4C18254E03CC} = {5BBB19DA-2C9B-4081-A95C-3F773C95DC8E}
		{EE5C98D2-D78C-4F7C-A344-674EC1FB368A} = {FE09F68D-585A-48E6-AC78-F8E02384CF73}
		{0EBC7241-DF15-4D82-AF32-B931A3611AEA} = {E4A51E7F-61E7-490A-8641-4C18254E03CC}
		{BF10DF1B-284D-4EF8-A94B-1999F7CFD436} = {E4A51E7F-61E7-490A-8641-4C18254E03CC}
		{A74358D7-9394-47C1-9B62-5D0945BF6C87} = {2AD49548-EBE3-41FC-A432-16CF5AE8BA68}
		{FD769567-D2BF-440C-B97C-56FE5654337B} = {2AD49548-EBE3-41FC-A432-16CF5AE8BA68}
		{65B2CE99-FE55-4CBE-BF4E-A0859228922F} = {2AD49548-EBE3-41FC-A432-16CF5AE8BA68}
		{ACF1B1CE-9017-454E-A657-1816AD283E95} = {2AD49548-EBE3-41FC-A432-16CF5AE8BA68}
		{D9818F98-2E32-457F-8D0C-E09AEAE3D39D} = {503B49A3-55B1-4A16-BCAD-1A851627B841}
		{16066802-05C3-4BCE-BB4B-B3E0B7DA1BDA} = {D9818F98-2E32-457F-8D0C-E09AEAE3D39D}
		{2B428E1B-DE3C-4696-9F8A-C66736AFB77F} = {A74358D7-9394-47C1-9B62-5D0945BF6C87}
		{2865C002-8C6A-4FF5-8CEC-AC84BA0B5C39} = {A74358D7-9394-47C1-9B62-5D0945BF6C87}
		{AAF0AF8E-EE8E-4BFC-A891-A92CE517E74B} = {2B428E1B-DE3C-4696-9F8A-C66736AFB77F}
		{A57696CB-356F-4B88-AABB-B97E4598BEEC} = {2865C002-8C6A-4FF5-8CEC-AC84BA0B5C39}
		{36E546E3-E4FC-4BD6-B54A-335CBF35A07B} = {2865C002-8C6A-4FF5-8CEC-AC84BA0B5C39}
		{268F2E0A-330B-4659-99BF-7BD466C54C9D} = {FD769567-D2BF-440C-B97C-56FE5654337B}
		{5B487E37-E68A-4229-B612-3975B44B886F} = {FD769567-D2BF-440C-B97C-56FE5654337B}
		{E855201D-B370-40DD-B16A-96DA4E42BE7E} = {5B487E37-E68A-4229-B612-3975B44B886F}
		{5C57DA5E-C51B-42D5-95D2-3821A6038853} = {5B487E37-E68A-4229-B612-3975B44B886F}
		{6EB00AF2-D0AB-4500-9C3E-D0D246A6F9B4} = {65B2CE99-FE55-4CBE-BF4E-A0859228922F}
		{32528CC5-FEAA-4EE5-8843-087E094FEBE8} = {6EB00AF2-D0AB-4500-9C3E-D0D246A6F9B4}
		{400BC11B-E51B-4831-B8D6-3C4823EE8222} = {6EB00AF2-D0AB-4500-9C3E-D0D246A6F9B4}
		{3AC92DA1-F8E3-42C5-B9FB-9D7A5EA615A8} = {ACF1B1CE-9017-454E-A657-1816AD283E95}
		{6C6B4E42-7984-4F71-927B-5AB3545B5E6F} = {ACF1B1CE-9017-454E-A657-1816AD283E95}
		{37F4D8CC-3CD2-4287-844D-A8BF8ECB9EAC} = {3AC92DA1-F8E3-42C5-B9FB-9D7A5EA615A8}
		{047D7FEC-AAAB-4309-B66D-748F3060FC82} = {6C6B4E42-7984-4F71-927B-5AB3545B5E6F}
		{5D137766-A715-48FB-9BA2-63BE30510931} = {6C6B4E42-7984-4F71-927B-5AB3545B5E6F}
		{92F5E1E5-0269-4378-BE3B-CDDC1864C0FA} = {0EBC7241-DF15-4D82-AF32-B931A3611AEA}
		{2B36B29B-F27E-403B-AD71-52C028461764} = {EE5C98D2-D78C-4F7C-A344-674EC1FB368A}
		{4EEA1A0C-B06E-4610-B071-1CD1ECF75F61} = {268F2E0A-330B-4659-99BF-7BD466C54C9D}
										{ED848B62-C2E6-4022-A14D-D67245129FDE} = {4EEA1A0C-B06E-4610-B071-1CD1ECF75F61}
										{78101EB6-6029-4EEB-ABBC-8F928F65DB17} = {ED848B62-C2E6-4022-A14D-D67245129FDE}
										{2CB60B42-707A-422C-B8D3-A95BE8B21EEC} = {5C57DA5E-C51B-42D5-95D2-3821A6038853}
										{8C1B3150-7D79-4549-B3B7-E6B1D6C47B56} = {BF10DF1B-284D-4EF8-A94B-1999F7CFD436}
										{45DC5C16-E75E-4D8E-98CF-80C58D011449} = {16066802-05C3-4BCE-BB4B-B3E0B7DA1BDA}
		{52D5E60A-4BDD-4087-8329-56CB15234B52} = {A2465B20-4CE7-41A5-AF98-F37263A10758}
		{C74BCB76-2923-4F3A-A4A1-6F6B143C16AA} = {37F4D8CC-3CD2-4287-844D-A8BF8ECB9EAC}
		{DDA07DC6-1DA3-4865-88A2-8FBBD8600132} = {ACF1B1CE-9017-454E-A657-1816AD283E95}
		{DF66CFCD-913C-400C-8D14-8D8E9F21F269} = {DDA07DC6-1DA3-4865-88A2-8FBBD8600132}
		{5D7137D5-7B83-487C-9211-FD30F3A978ED} = {DDA07DC6-1DA3-4865-88A2-8FBBD8600132}
		{EABEBBD2-093D-4C2D-9721-F235B03BEBB8} = {DF66CFCD-913C-400C-8D14-8D8E9F21F269}
		{7691C928-6042-4234-8DC6-01A59CD519CB} = {5D7137D5-7B83-487C-9211-FD30F3A978ED}
		{EA3B855F-4C91-476C-BEC0-B7DEADD42FFA} = {FE09F68D-585A-48E6-AC78-F8E02384CF73}
		{EF809632-6776-4C43-BBDC-33E1721448A6} = {EA3B855F-4C91-476C-BEC0-B7DEADD42FFA}
		{B8BCBF02-3288-48A3-BA07-8CC84A63DFCC} = {AAF0AF8E-EE8E-4BFC-A891-A92CE517E74B}
		{19C2CD7F-56A8-48E0-BC01-2906105A5828} = {A57696CB-356F-4B88-AABB-B97E4598BEEC}
		{58DAB4E8-6C42-40B1-8552-4D61BF809AA8} = {36E546E3-E4FC-4BD6-B54A-335CBF35A07B}
		{2291D50B-C153-4FDD-AABC-D6F448349DC0} = {CC2A1DB1-5526-474C-A67B-CB6A2C973146}
		{6C85D50F-CD22-46D8-A106-D8DA28383A15} = {047D7FEC-AAAB-4309-B66D-748F3060FC82}
		{A2D2E490-A564-4A74-81DD-B8505D0664A8} = {5D137766-A715-48FB-9BA2-63BE30510931}
		{B8AA6C65-84B6-47E4-8E73-E2CB4DE58BE0} = {C7D236F9-4508-4C76-9C29-ED220034AF1B}
		{448EAC4F-A043-4A8C-A283-8CCF0D796C29} = {3AC92DA1-F8E3-42C5-B9FB-9D7A5EA615A8}
		{A0B8BD56-5676-4D81-9A2C-76364F406797} = {448EAC4F-A043-4A8C-A283-8CCF0D796C29}
		{38F305B8-D085-4932-8050-479DFB9E2B50} = {32528CC5-FEAA-4EE5-8843-087E094FEBE8}
		{D173C0DF-346F-4DA9-88BD-79CDD8D98212} = {400BC11B-E51B-4831-B8D6-3C4823EE8222}
		{DE0910D4-2AD1-4DB7-81AF-B3A7FB762B2F} = {C7BE598D-1356-446D-8069-96B9F800E865}
		{C3609799-4FA7-4EDA-A365-8CBA2D0DCDA6} = {DE0910D4-2AD1-4DB7-81AF-B3A7FB762B2F}
		{9CA94D28-3D7C-4C33-ABA0-EBA5A4A230CD} = {BFB04E81-1645-4FAE-8277-62FD0E607CC4}
		{B10743E9-054B-4E81-9F67-2F3652C68F04} = {9CA94D28-3D7C-4C33-ABA0-EBA5A4A230CD}
		{E09D3A69-1ED0-4FA8-B822-1757E3912D04} = {9CA94D28-3D7C-4C33-ABA0-EBA5A4A230CD}
		{8BF6955E-F988-4205-AEA9-B75032302958} = {B10743E9-054B-4E81-9F67-2F3652C68F04}
		{239343C7-A25D-4818-97DC-F444CE754315} = {E09D3A69-1ED0-4FA8-B822-1757E3912D04}
		{26574747-79EC-4E84-A849-46264FD5A04C} = {ACF1B1CE-9017-454E-A657-1816AD283E95}
		{02350D99-D0B6-4C01-AE18-8D9C195070CF} = {26574747-79EC-4E84-A849-46264FD5A04C}
		{3AACF4CE-8024-4645-BC6C-F22ADD8A2EA7} = {26574747-79EC-4E84-A849-46264FD5A04C}
		{22A7181F-A913-4441-B9C5-438F75926B8E} = {02350D99-D0B6-4C01-AE18-8D9C195070CF}
		{C80669A1-6EA8-436E-A39D-0EAA51C73532} = {3AACF4CE-8024-4645-BC6C-F22ADD8A2EA7}


		{5AC7C0BE-6A85-48C7-9F10-13387552A108} = {5BBB19DA-2C9B-4081-A95C-3F773C95DC8E}
		{131AABE0-6518-43F3-A233-619909725FC2} = {5AC7C0BE-6A85-48C7-9F10-13387552A108}
		{1922F1FE-EE55-4025-B6C1-DAD1D433CAB5} = {131AABE0-6518-43F3-A233-619909725FC2}
		{4742A7D3-ED98-49D1-9DB2-4257219BC031} = {87571A7A-0B36-4D9E-AA5C-D91A470BBD06}
		{45476081-AAFA-43C3-BCE1-E602F7DFDE7C} = {4742A7D3-ED98-49D1-9DB2-4257219BC031}
		{B04912B4-792E-4141-B4A4-C30320619B75} = {E855201D-B370-40DD-B16A-96DA4E42BE7E}
		{A49232F0-7D3D-4AA9-B0F1-A261925B7C1A} = {2AD49548-EBE3-41FC-A432-16CF5AE8BA68}
		{0A61A585-CFDD-43C6-8E93-EB9D79B902EF} = {A49232F0-7D3D-4AA9-B0F1-A261925B7C1A}
		{DC7B72D9-0D50-48C8-89FB-705F96859475} = {0A61A585-CFDD-43C6-8E93-EB9D79B902EF}
		{5BE0A574-FFB7-41F0-84C8-0DFF13B3EBBC} = {DC7B72D9-0D50-48C8-89FB-705F96859475}
		{B720A919-B3BF-44F4-908D-147750F4A2BE} = {0A61A585-CFDD-43C6-8E93-EB9D79B902EF}
		{6607713E-8465-43BB-A6FE-9FBBCB1FD61C} = {B720A919-B3BF-44F4-908D-147750F4A2BE}
		{1EF474DB-42A7-4271-B1A2-EFDD286216F4} = {3F883F3B-A2EA-4957-B1E7-0A86A575A346}
		{5636585A-D19D-4463-A838-2D8FBF4BCDC6} = {1EF474DB-42A7-4271-B1A2-EFDD286216F4}
		{8FBF8F87-502E-4B78-A952-C6505795E9B9} = {ACF1B1CE-9017-454E-A657-1816AD283E95}
		{3B7EA2DC-CAD7-4C0A-82E8-7D7376174C40} = {8FBF8F87-502E-4B78-A952-C6505795E9B9}
		{4795B8EA-3CB8-463A-BE1B-8E0F088798F9} = {8FBF8F87-502E-4B78-A952-C6505795E9B9}
		{88424E57-CCF0-4DAD-8B77-208755A7179F} = {3B7EA2DC-CAD7-4C0A-82E8-7D7376174C40}
		{9B16AD66-776B-4B4C-AA51-60F3CBE4F0E5} = {4795B8EA-3CB8-463A-BE1B-8E0F088798F9}
	EndGlobalSection
	GlobalSection(ProjectConfigurationPlatforms) = postSolution
		{92F5E1E5-0269-4378-BE3B-CDDC1864C0FA}.Debug|Any CPU.ActiveCfg = Debug|Any CPU
		{92F5E1E5-0269-4378-BE3B-CDDC1864C0FA}.Debug|Any CPU.Build.0 = Debug|Any CPU
		{92F5E1E5-0269-4378-BE3B-CDDC1864C0FA}.Release|Any CPU.ActiveCfg = Release|Any CPU
		{92F5E1E5-0269-4378-BE3B-CDDC1864C0FA}.Release|Any CPU.Build.0 = Release|Any CPU
		{2B36B29B-F27E-403B-AD71-52C028461764}.Debug|Any CPU.ActiveCfg = Debug|Any CPU
		{78101EB6-6029-4EEB-ABBC-8F928F65DB17}.Debug|Any CPU.ActiveCfg = Debug|Any CPU
										{78101EB6-6029-4EEB-ABBC-8F928F65DB17}.Debug|Any CPU.Build.0 = Debug|Any CPU
										{78101EB6-6029-4EEB-ABBC-8F928F65DB17}.Release|Any CPU.ActiveCfg = Release|Any CPU
										{78101EB6-6029-4EEB-ABBC-8F928F65DB17}.Release|Any CPU.Build.0 = Release|Any CPU
										{2CB60B42-707A-422C-B8D3-A95BE8B21EEC}.Debug|Any CPU.ActiveCfg = Debug|Any CPU
										{2CB60B42-707A-422C-B8D3-A95BE8B21EEC}.Debug|Any CPU.Build.0 = Debug|Any CPU
										{2CB60B42-707A-422C-B8D3-A95BE8B21EEC}.Release|Any CPU.ActiveCfg = Release|Any CPU
										{2CB60B42-707A-422C-B8D3-A95BE8B21EEC}.Release|Any CPU.Build.0 = Release|Any CPU
										{2B36B29B-F27E-403B-AD71-52C028461764}.Debug|Any CPU.Build.0 = Debug|Any CPU
										{2B36B29B-F27E-403B-AD71-52C028461764}.Release|Any CPU.ActiveCfg = Release|Any CPU
										{2B36B29B-F27E-403B-AD71-52C028461764}.Release|Any CPU.Build.0 = Release|Any CPU
										{8C1B3150-7D79-4549-B3B7-E6B1D6C47B56}.Debug|Any CPU.ActiveCfg = Debug|Any CPU
										{8C1B3150-7D79-4549-B3B7-E6B1D6C47B56}.Debug|Any CPU.Build.0 = Debug|Any CPU
										{8C1B3150-7D79-4549-B3B7-E6B1D6C47B56}.Release|Any CPU.ActiveCfg = Release|Any CPU
										{8C1B3150-7D79-4549-B3B7-E6B1D6C47B56}.Release|Any CPU.Build.0 = Release|Any CPU
										{45DC5C16-E75E-4D8E-98CF-80C58D011449}.Debug|Any CPU.ActiveCfg = Debug|Any CPU
										{45DC5C16-E75E-4D8E-98CF-80C58D011449}.Debug|Any CPU.Build.0 = Debug|Any CPU
										{45DC5C16-E75E-4D8E-98CF-80C58D011449}.Release|Any CPU.ActiveCfg = Release|Any CPU
										{45DC5C16-E75E-4D8E-98CF-80C58D011449}.Release|Any CPU.Build.0 = Release|Any CPU
		{52D5E60A-4BDD-4087-8329-56CB15234B52}.Debug|Any CPU.ActiveCfg = Debug|Any CPU
		{52D5E60A-4BDD-4087-8329-56CB15234B52}.Debug|Any CPU.Build.0 = Debug|Any CPU
		{52D5E60A-4BDD-4087-8329-56CB15234B52}.Release|Any CPU.ActiveCfg = Release|Any CPU
		{52D5E60A-4BDD-4087-8329-56CB15234B52}.Release|Any CPU.Build.0 = Release|Any CPU
		{C74BCB76-2923-4F3A-A4A1-6F6B143C16AA}.Debug|Any CPU.ActiveCfg = Debug|Any CPU
		{C74BCB76-2923-4F3A-A4A1-6F6B143C16AA}.Debug|Any CPU.Build.0 = Debug|Any CPU
		{C74BCB76-2923-4F3A-A4A1-6F6B143C16AA}.Release|Any CPU.ActiveCfg = Release|Any CPU
		{C74BCB76-2923-4F3A-A4A1-6F6B143C16AA}.Release|Any CPU.Build.0 = Release|Any CPU
		{EABEBBD2-093D-4C2D-9721-F235B03BEBB8}.Debug|Any CPU.ActiveCfg = Debug|Any CPU
		{EABEBBD2-093D-4C2D-9721-F235B03BEBB8}.Debug|Any CPU.Build.0 = Debug|Any CPU
		{EABEBBD2-093D-4C2D-9721-F235B03BEBB8}.Release|Any CPU.ActiveCfg = Release|Any CPU
		{EABEBBD2-093D-4C2D-9721-F235B03BEBB8}.Release|Any CPU.Build.0 = Release|Any CPU
		{7691C928-6042-4234-8DC6-01A59CD519CB}.Debug|Any CPU.ActiveCfg = Debug|Any CPU
		{7691C928-6042-4234-8DC6-01A59CD519CB}.Debug|Any CPU.Build.0 = Debug|Any CPU
		{7691C928-6042-4234-8DC6-01A59CD519CB}.Release|Any CPU.ActiveCfg = Release|Any CPU
		{7691C928-6042-4234-8DC6-01A59CD519CB}.Release|Any CPU.Build.0 = Release|Any CPU
		{EF809632-6776-4C43-BBDC-33E1721448A6}.Debug|Any CPU.ActiveCfg = Debug|Any CPU
		{EF809632-6776-4C43-BBDC-33E1721448A6}.Debug|Any CPU.Build.0 = Debug|Any CPU
		{EF809632-6776-4C43-BBDC-33E1721448A6}.Release|Any CPU.ActiveCfg = Release|Any CPU
		{EF809632-6776-4C43-BBDC-33E1721448A6}.Release|Any CPU.Build.0 = Release|Any CPU
		{B8BCBF02-3288-48A3-BA07-8CC84A63DFCC}.Debug|Any CPU.ActiveCfg = Debug|Any CPU
		{B8BCBF02-3288-48A3-BA07-8CC84A63DFCC}.Debug|Any CPU.Build.0 = Debug|Any CPU
		{B8BCBF02-3288-48A3-BA07-8CC84A63DFCC}.Release|Any CPU.ActiveCfg = Release|Any CPU
		{B8BCBF02-3288-48A3-BA07-8CC84A63DFCC}.Release|Any CPU.Build.0 = Release|Any CPU
		{19C2CD7F-56A8-48E0-BC01-2906105A5828}.Debug|Any CPU.ActiveCfg = Debug|Any CPU
		{19C2CD7F-56A8-48E0-BC01-2906105A5828}.Debug|Any CPU.Build.0 = Debug|Any CPU
		{19C2CD7F-56A8-48E0-BC01-2906105A5828}.Release|Any CPU.ActiveCfg = Release|Any CPU
		{19C2CD7F-56A8-48E0-BC01-2906105A5828}.Release|Any CPU.Build.0 = Release|Any CPU
		{58DAB4E8-6C42-40B1-8552-4D61BF809AA8}.Debug|Any CPU.ActiveCfg = Debug|Any CPU
		{58DAB4E8-6C42-40B1-8552-4D61BF809AA8}.Debug|Any CPU.Build.0 = Debug|Any CPU
		{58DAB4E8-6C42-40B1-8552-4D61BF809AA8}.Release|Any CPU.ActiveCfg = Release|Any CPU
		{58DAB4E8-6C42-40B1-8552-4D61BF809AA8}.Release|Any CPU.Build.0 = Release|Any CPU
		{2291D50B-C153-4FDD-AABC-D6F448349DC0}.Debug|Any CPU.ActiveCfg = Debug|Any CPU
		{2291D50B-C153-4FDD-AABC-D6F448349DC0}.Debug|Any CPU.Build.0 = Debug|Any CPU
		{2291D50B-C153-4FDD-AABC-D6F448349DC0}.Release|Any CPU.ActiveCfg = Release|Any CPU
		{2291D50B-C153-4FDD-AABC-D6F448349DC0}.Release|Any CPU.Build.0 = Release|Any CPU
		{6C85D50F-CD22-46D8-A106-D8DA28383A15}.Debug|Any CPU.ActiveCfg = Debug|Any CPU
		{6C85D50F-CD22-46D8-A106-D8DA28383A15}.Debug|Any CPU.Build.0 = Debug|Any CPU
		{6C85D50F-CD22-46D8-A106-D8DA28383A15}.Release|Any CPU.ActiveCfg = Release|Any CPU
		{6C85D50F-CD22-46D8-A106-D8DA28383A15}.Release|Any CPU.Build.0 = Release|Any CPU
		{A2D2E490-A564-4A74-81DD-B8505D0664A8}.Debug|Any CPU.ActiveCfg = Debug|Any CPU
		{A2D2E490-A564-4A74-81DD-B8505D0664A8}.Debug|Any CPU.Build.0 = Debug|Any CPU
		{A2D2E490-A564-4A74-81DD-B8505D0664A8}.Release|Any CPU.ActiveCfg = Release|Any CPU
		{A2D2E490-A564-4A74-81DD-B8505D0664A8}.Release|Any CPU.Build.0 = Release|Any CPU
		{B8AA6C65-84B6-47E4-8E73-E2CB4DE58BE0}.Debug|Any CPU.ActiveCfg = Debug|Any CPU
		{B8AA6C65-84B6-47E4-8E73-E2CB4DE58BE0}.Debug|Any CPU.Build.0 = Debug|Any CPU
		{B8AA6C65-84B6-47E4-8E73-E2CB4DE58BE0}.Release|Any CPU.ActiveCfg = Release|Any CPU
		{B8AA6C65-84B6-47E4-8E73-E2CB4DE58BE0}.Release|Any CPU.Build.0 = Release|Any CPU
		{A0B8BD56-5676-4D81-9A2C-76364F406797}.Debug|Any CPU.ActiveCfg = Debug|Any CPU
		{A0B8BD56-5676-4D81-9A2C-76364F406797}.Debug|Any CPU.Build.0 = Debug|Any CPU
		{A0B8BD56-5676-4D81-9A2C-76364F406797}.Release|Any CPU.ActiveCfg = Release|Any CPU
		{A0B8BD56-5676-4D81-9A2C-76364F406797}.Release|Any CPU.Build.0 = Release|Any CPU
		{38F305B8-D085-4932-8050-479DFB9E2B50}.Debug|Any CPU.ActiveCfg = Debug|Any CPU
		{38F305B8-D085-4932-8050-479DFB9E2B50}.Debug|Any CPU.Build.0 = Debug|Any CPU
		{38F305B8-D085-4932-8050-479DFB9E2B50}.Release|Any CPU.ActiveCfg = Release|Any CPU
		{38F305B8-D085-4932-8050-479DFB9E2B50}.Release|Any CPU.Build.0 = Release|Any CPU
		{D173C0DF-346F-4DA9-88BD-79CDD8D98212}.Debug|Any CPU.ActiveCfg = Debug|Any CPU
		{D173C0DF-346F-4DA9-88BD-79CDD8D98212}.Debug|Any CPU.Build.0 = Debug|Any CPU
		{D173C0DF-346F-4DA9-88BD-79CDD8D98212}.Release|Any CPU.ActiveCfg = Release|Any CPU
		{D173C0DF-346F-4DA9-88BD-79CDD8D98212}.Release|Any CPU.Build.0 = Release|Any CPU
		{C3609799-4FA7-4EDA-A365-8CBA2D0DCDA6}.Debug|Any CPU.ActiveCfg = Debug|Any CPU
		{C3609799-4FA7-4EDA-A365-8CBA2D0DCDA6}.Debug|Any CPU.Build.0 = Debug|Any CPU
		{C3609799-4FA7-4EDA-A365-8CBA2D0DCDA6}.Release|Any CPU.ActiveCfg = Release|Any CPU
		{C3609799-4FA7-4EDA-A365-8CBA2D0DCDA6}.Release|Any CPU.Build.0 = Release|Any CPU
		{8BF6955E-F988-4205-AEA9-B75032302958}.Debug|Any CPU.ActiveCfg = Debug|Any CPU
		{8BF6955E-F988-4205-AEA9-B75032302958}.Debug|Any CPU.Build.0 = Debug|Any CPU
		{8BF6955E-F988-4205-AEA9-B75032302958}.Release|Any CPU.ActiveCfg = Release|Any CPU
		{8BF6955E-F988-4205-AEA9-B75032302958}.Release|Any CPU.Build.0 = Release|Any CPU
		{239343C7-A25D-4818-97DC-F444CE754315}.Debug|Any CPU.ActiveCfg = Debug|Any CPU
		{239343C7-A25D-4818-97DC-F444CE754315}.Debug|Any CPU.Build.0 = Debug|Any CPU
		{239343C7-A25D-4818-97DC-F444CE754315}.Release|Any CPU.ActiveCfg = Release|Any CPU
		{239343C7-A25D-4818-97DC-F444CE754315}.Release|Any CPU.Build.0 = Release|Any CPU
		{22A7181F-A913-4441-B9C5-438F75926B8E}.Debug|Any CPU.ActiveCfg = Debug|Any CPU
		{22A7181F-A913-4441-B9C5-438F75926B8E}.Debug|Any CPU.Build.0 = Debug|Any CPU
		{22A7181F-A913-4441-B9C5-438F75926B8E}.Release|Any CPU.ActiveCfg = Release|Any CPU
		{22A7181F-A913-4441-B9C5-438F75926B8E}.Release|Any CPU.Build.0 = Release|Any CPU
		{C80669A1-6EA8-436E-A39D-0EAA51C73532}.Debug|Any CPU.ActiveCfg = Debug|Any CPU
		{C80669A1-6EA8-436E-A39D-0EAA51C73532}.Debug|Any CPU.Build.0 = Debug|Any CPU
		{C80669A1-6EA8-436E-A39D-0EAA51C73532}.Release|Any CPU.ActiveCfg = Release|Any CPU
		{C80669A1-6EA8-436E-A39D-0EAA51C73532}.Release|Any CPU.Build.0 = Release|Any CPU
		{1922F1FE-EE55-4025-B6C1-DAD1D433CAB5}.Debug|Any CPU.ActiveCfg = Debug|Any CPU
		{1922F1FE-EE55-4025-B6C1-DAD1D433CAB5}.Debug|Any CPU.Build.0 = Debug|Any CPU
		{1922F1FE-EE55-4025-B6C1-DAD1D433CAB5}.Release|Any CPU.ActiveCfg = Release|Any CPU
		{1922F1FE-EE55-4025-B6C1-DAD1D433CAB5}.Release|Any CPU.Build.0 = Release|Any CPU
		{45476081-AAFA-43C3-BCE1-E602F7DFDE7C}.Debug|Any CPU.ActiveCfg = Debug|Any CPU
		{45476081-AAFA-43C3-BCE1-E602F7DFDE7C}.Debug|Any CPU.Build.0 = Debug|Any CPU
		{45476081-AAFA-43C3-BCE1-E602F7DFDE7C}.Release|Any CPU.ActiveCfg = Release|Any CPU
		{45476081-AAFA-43C3-BCE1-E602F7DFDE7C}.Release|Any CPU.Build.0 = Release|Any CPU
		{B04912B4-792E-4141-B4A4-C30320619B75}.Debug|Any CPU.ActiveCfg = Debug|Any CPU
		{B04912B4-792E-4141-B4A4-C30320619B75}.Debug|Any CPU.Build.0 = Debug|Any CPU
		{B04912B4-792E-4141-B4A4-C30320619B75}.Release|Any CPU.ActiveCfg = Release|Any CPU
		{B04912B4-792E-4141-B4A4-C30320619B75}.Release|Any CPU.Build.0 = Release|Any CPU
		{5BE0A574-FFB7-41F0-84C8-0DFF13B3EBBC}.Debug|Any CPU.ActiveCfg = Debug|Any CPU
		{5BE0A574-FFB7-41F0-84C8-0DFF13B3EBBC}.Debug|Any CPU.Build.0 = Debug|Any CPU
		{5BE0A574-FFB7-41F0-84C8-0DFF13B3EBBC}.Release|Any CPU.ActiveCfg = Release|Any CPU
		{5BE0A574-FFB7-41F0-84C8-0DFF13B3EBBC}.Release|Any CPU.Build.0 = Release|Any CPU
		{6607713E-8465-43BB-A6FE-9FBBCB1FD61C}.Debug|Any CPU.ActiveCfg = Debug|Any CPU
		{6607713E-8465-43BB-A6FE-9FBBCB1FD61C}.Debug|Any CPU.Build.0 = Debug|Any CPU
		{6607713E-8465-43BB-A6FE-9FBBCB1FD61C}.Release|Any CPU.ActiveCfg = Release|Any CPU
		{6607713E-8465-43BB-A6FE-9FBBCB1FD61C}.Release|Any CPU.Build.0 = Release|Any CPU
		{88424E57-CCF0-4DAD-8B77-208755A7179F}.Debug|Any CPU.ActiveCfg = Debug|Any CPU
		{88424E57-CCF0-4DAD-8B77-208755A7179F}.Debug|Any CPU.Build.0 = Debug|Any CPU
		{88424E57-CCF0-4DAD-8B77-208755A7179F}.Release|Any CPU.ActiveCfg = Release|Any CPU
		{88424E57-CCF0-4DAD-8B77-208755A7179F}.Release|Any CPU.Build.0 = Release|Any CPU
		{9B16AD66-776B-4B4C-AA51-60F3CBE4F0E5}.Debug|Any CPU.ActiveCfg = Debug|Any CPU
		{9B16AD66-776B-4B4C-AA51-60F3CBE4F0E5}.Debug|Any CPU.Build.0 = Debug|Any CPU
		{9B16AD66-776B-4B4C-AA51-60F3CBE4F0E5}.Release|Any CPU.ActiveCfg = Release|Any CPU
		{9B16AD66-776B-4B4C-AA51-60F3CBE4F0E5}.Release|Any CPU.Build.0 = Release|Any CPU
	EndGlobalSection
EndGlobal
